{
  "name": "delta",
  "lockfileVersion": 3,
  "requires": true,
  "packages": {
    "": {
      "dependencies": {
        "ag-grid-community": "^34.1.1",
        "bootstrap": "^5.3.7",
        "sortablejs": "^1.15.6",
        "tinymce": "^8.0.1"
      }
    },
    "node_modules/@popperjs/core": {
      "version": "2.11.8",
      "resolved": "https://registry.npmjs.org/@popperjs/core/-/core-2.11.8.tgz",
      "integrity": "sha512-P1st0aksCrn9sGZhp8GMYwBnQsbvAWsZAX44oXNNvLHGqAOcoVxmjZiohstwQ7SqKnbR47akdNi+uleWD8+g6A==",
      "license": "MIT",
      "peer": true,
      "funding": {
        "type": "opencollective",
        "url": "https://opencollective.com/popperjs"
      }
    },
    "node_modules/ag-charts-types": {
      "version": "12.1.1",
      "resolved": "https://registry.npmjs.org/ag-charts-types/-/ag-charts-types-12.1.1.tgz",
      "integrity": "sha512-VbAOfp1E7+Z/TBufJOIjUYdx70kQRDg49WoluiVKVSB0r0el/uvxARp9xjzx4ByBq9+Xq/V23tJVsRj1MS2A/g==",
      "license": "MIT"
    },
    "node_modules/ag-grid-community": {
      "version": "34.1.1",
      "resolved": "https://registry.npmjs.org/ag-grid-community/-/ag-grid-community-34.1.1.tgz",
      "integrity": "sha512-ODVvGoMTkyGvMT8b5lzvum5r93bG6CKdJdNrk6u/aYS7oqZ5rUEXJJHC8n8Zq+o76KhFiXMBQrU39xuhz8i+Tg==",
      "license": "MIT",
      "dependencies": {
        "ag-charts-types": "12.1.1"
      }
    },
    "node_modules/bootstrap": {
      "version": "5.3.7",
      "resolved": "https://registry.npmjs.org/bootstrap/-/bootstrap-5.3.7.tgz",
      "integrity": "sha512-7KgiD8UHjfcPBHEpDNg+zGz8L3LqR3GVwqZiBRFX04a1BCArZOz1r2kjly2HQ0WokqTO0v1nF+QAt8dsW4lKlw==",
      "funding": [
        {
          "type": "github",
          "url": "https://github.com/sponsors/twbs"
        },
        {
          "type": "opencollective",
          "url": "https://opencollective.com/bootstrap"
        }
      ],
      "license": "MIT",
      "peerDependencies": {
        "@popperjs/core": "^2.11.8"
      }
    },
    "node_modules/sortablejs": {
      "version": "1.15.6",
      "resolved": "https://registry.npmjs.org/sortablejs/-/sortablejs-1.15.6.tgz",
      "integrity": "sha512-aNfiuwMEpfBM/CN6LY0ibyhxPfPbyFeBTYJKCvzkJ2GkUpazIt3H+QIPAMHwqQ7tMKaHz1Qj+rJJCqljnf4p3A==",
      "license": "MIT"
    },
    "node_modules/tinymce": {
      "version": "8.0.1",
      "resolved": "https://registry.npmjs.org/tinymce/-/tinymce-8.0.1.tgz",
      "integrity": "sha512-KQ/+KaWmkIzSkNCYmqhXD2mftt+EEhz1bd1QCVopa2DNkoJ/rYFXhMnYGg1gVcRQa43xkmmv0Jj0ph+05VY0hQ==",
      "license": "GPL-2.0-or-later"
    }
  }
}
